// !$*UTF8*$!
{
	archiveVersion = 1;
	classes = {
	};
	objectVersion = 48;
	objects = {

/* Begin PBXBuildFile section */
		ECDDF7CB1FEA689C003A9B18 /* AppDelegate.swift in Sources */ = {isa = PBXBuildFile; fileRef = ECDDF7CA1FEA689C003A9B18 /* AppDelegate.swift */; };
		ECDDF7CD1FEA689C003A9B18 /* ViewController.swift in Sources */ = {isa = PBXBuildFile; fileRef = ECDDF7CC1FEA689C003A9B18 /* ViewController.swift */; };
		ECDDF7D01FEA689C003A9B18 /* Main.storyboard in Resources */ = {isa = PBXBuildFile; fileRef = ECDDF7CE1FEA689C003A9B18 /* Main.storyboard */; };
		ECDDF7D21FEA689C003A9B18 /* Assets.xcassets in Resources */ = {isa = PBXBuildFile; fileRef = ECDDF7D11FEA689C003A9B18 /* Assets.xcassets */; };
		ECDDF7D51FEA689C003A9B18 /* LaunchScreen.storyboard in Resources */ = {isa = PBXBuildFile; fileRef = ECDDF7D31FEA689C003A9B18 /* LaunchScreen.storyboard */; };
		ECDDF7E01FEA689C003A9B18 /* ObserverPattenTests.swift in Sources */ = {isa = PBXBuildFile; fileRef = ECDDF7DF1FEA689C003A9B18 /* ObserverPattenTests.swift */; };
		ECDDF7EB1FEA689C003A9B18 /* ObserverPattenUITests.swift in Sources */ = {isa = PBXBuildFile; fileRef = ECDDF7EA1FEA689C003A9B18 /* ObserverPattenUITests.swift */; };
		ECDDF7F91FEB515C003A9B18 /* SubscriptionServiceCenter.swift in Sources */ = {isa = PBXBuildFile; fileRef = ECDDF7F81FEB515C003A9B18 /* SubscriptionServiceCenter.swift */; };
		ECDDF7FB1FEB59C3003A9B18 /* SubscriptionServiceCenterProtocol.swift in Sources */ = {isa = PBXBuildFile; fileRef = ECDDF7FA1FEB59C3003A9B18 /* SubscriptionServiceCenterProtocol.swift */; };
/* End PBXBuildFile section */

/* Begin PBXContainerItemProxy section */
		ECDDF7DC1FEA689C003A9B18 /* PBXContainerItemProxy */ = {
			isa = PBXContainerItemProxy;
			containerPortal = ECDDF7BF1FEA689C003A9B18 /* Project object */;
			proxyType = 1;
			remoteGlobalIDString = ECDDF7C61FEA689C003A9B18;
			remoteInfo = ObserverPatten;
		};
		ECDDF7E71FEA689C003A9B18 /* PBXContainerItemProxy */ = {
			isa = PBXContainerItemProxy;
			containerPortal = ECDDF7BF1FEA689C003A9B18 /* Project object */;
			proxyType = 1;
			remoteGlobalIDString = ECDDF7C61FEA689C003A9B18;
			remoteInfo = ObserverPatten;
		};
/* End PBXContainerItemProxy section */

/* Begin PBXFileReference section */
		ECDDF7C71FEA689C003A9B18 /* ObserverPatten.app */ = {isa = PBXFileReference; explicitFileType = wrapper.application; includeInIndex = 0; path = ObserverPatten.app; sourceTree = BUILT_PRODUCTS_DIR; };
		ECDDF7CA1FEA689C003A9B18 /* AppDelegate.swift */ = {isa = PBXFileReference; lastKnownFileType = sourcecode.swift; path = AppDelegate.swift; sourceTree = "<group>"; };
		ECDDF7CC1FEA689C003A9B18 /* ViewController.swift */ = {isa = PBXFileReference; lastKnownFileType = sourcecode.swift; path = ViewController.swift; sourceTree = "<group>"; };
		ECDDF7CF1FEA689C003A9B18 /* Base */ = {isa = PBXFileReference; lastKnownFileType = file.storyboard; name = Base; path = Base.lproj/Main.storyboard; sourceTree = "<group>"; };
		ECDDF7D11FEA689C003A9B18 /* Assets.xcassets */ = {isa = PBXFileReference; lastKnownFileType = folder.assetcatalog; path = Assets.xcassets; sourceTree = "<group>"; };
		ECDDF7D41FEA689C003A9B18 /* Base */ = {isa = PBXFileReference; lastKnownFileType = file.storyboard; name = Base; path = Base.lproj/LaunchScreen.storyboard; sourceTree = "<group>"; };
		ECDDF7D61FEA689C003A9B18 /* Info.plist */ = {isa = PBXFileReference; lastKnownFileType = text.plist.xml; path = Info.plist; sourceTree = "<group>"; };
		ECDDF7DB1FEA689C003A9B18 /* ObserverPattenTests.xctest */ = {isa = PBXFileReference; explicitFileType = wrapper.cfbundle; includeInIndex = 0; path = ObserverPattenTests.xctest; sourceTree = BUILT_PRODUCTS_DIR; };
		ECDDF7DF1FEA689C003A9B18 /* ObserverPattenTests.swift */ = {isa = PBXFileReference; lastKnownFileType = sourcecode.swift; path = ObserverPattenTests.swift; sourceTree = "<group>"; };
		ECDDF7E11FEA689C003A9B18 /* Info.plist */ = {isa = PBXFileReference; lastKnownFileType = text.plist.xml; path = Info.plist; sourceTree = "<group>"; };
		ECDDF7E61FEA689C003A9B18 /* ObserverPattenUITests.xctest */ = {isa = PBXFileReference; explicitFileType = wrapper.cfbundle; includeInIndex = 0; path = ObserverPattenUITests.xctest; sourceTree = BUILT_PRODUCTS_DIR; };
		ECDDF7EA1FEA689C003A9B18 /* ObserverPattenUITests.swift */ = {isa = PBXFileReference; lastKnownFileType = sourcecode.swift; path = ObserverPattenUITests.swift; sourceTree = "<group>"; };
		ECDDF7EC1FEA689C003A9B18 /* Info.plist */ = {isa = PBXFileReference; lastKnownFileType = text.plist.xml; path = Info.plist; sourceTree = "<group>"; };
		ECDDF7F81FEB515C003A9B18 /* SubscriptionServiceCenter.swift */ = {isa = PBXFileReference; lastKnownFileType = sourcecode.swift; path = SubscriptionServiceCenter.swift; sourceTree = "<group>"; };
		ECDDF7FA1FEB59C3003A9B18 /* SubscriptionServiceCenterProtocol.swift */ = {isa = PBXFileReference; lastKnownFileType = sourcecode.swift; path = SubscriptionServiceCenterProtocol.swift; sourceTree = "<group>"; };
/* End PBXFileReference section */

/* Begin PBXFrameworksBuildPhase section */
		ECDDF7C41FEA689C003A9B18 /* Frameworks */ = {
			isa = PBXFrameworksBuildPhase;
			buildActionMask = 2147483647;
			files = (
			);
			runOnlyForDeploymentPostprocessing = 0;
		};
		ECDDF7D81FEA689C003A9B18 /* Frameworks */ = {
			isa = PBXFrameworksBuildPhase;
			buildActionMask = 2147483647;
			files = (
			);
			runOnlyForDeploymentPostprocessing = 0;
		};
		ECDDF7E31FEA689C003A9B18 /* Frameworks */ = {
			isa = PBXFrameworksBuildPhase;
			buildActionMask = 2147483647;
			files = (
			);
			runOnlyForDeploymentPostprocessing = 0;
		};
/* End PBXFrameworksBuildPhase section */

/* Begin PBXGroup section */
		ECDDF7BE1FEA689C003A9B18 = {
			isa = PBXGroup;
			children = (
				ECDDF7C91FEA689C003A9B18 /* ObserverPatten */,
				ECDDF7DE1FEA689C003A9B18 /* ObserverPattenTests */,
				ECDDF7E91FEA689C003A9B18 /* ObserverPattenUITests */,
				ECDDF7C81FEA689C003A9B18 /* Products */,
			);
			sourceTree = "<group>";
		};
		ECDDF7C81FEA689C003A9B18 /* Products */ = {
			isa = PBXGroup;
			children = (
				ECDDF7C71FEA689C003A9B18 /* ObserverPatten.app */,
				ECDDF7DB1FEA689C003A9B18 /* ObserverPattenTests.xctest */,
				ECDDF7E61FEA689C003A9B18 /* ObserverPattenUITests.xctest */,
			);
			name = Products;
			sourceTree = "<group>";
		};
		ECDDF7C91FEA689C003A9B18 /* ObserverPatten */ = {
			isa = PBXGroup;
			children = (
				ECDDF7FD1FEB75B1003A9B18 /* 简易切换皮肤 */,
				ECDDF7FC1FEB758C003A9B18 /* 书刊订阅 */,
				ECDDF7CA1FEA689C003A9B18 /* AppDelegate.swift */,
				ECDDF7CC1FEA689C003A9B18 /* ViewController.swift */,
				ECDDF7CE1FEA689C003A9B18 /* Main.storyboard */,
				ECDDF7D11FEA689C003A9B18 /* Assets.xcassets */,
				ECDDF7D31FEA689C003A9B18 /* LaunchScreen.storyboard */,
				ECDDF7D61FEA689C003A9B18 /* Info.plist */,
			);
			path = ObserverPatten;
			sourceTree = "<group>";
		};
		ECDDF7DE1FEA689C003A9B18 /* ObserverPattenTests */ = {
			isa = PBXGroup;
			children = (
				ECDDF7DF1FEA689C003A9B18 /* ObserverPattenTests.swift */,
				ECDDF7E11FEA689C003A9B18 /* Info.plist */,
			);
			path = ObserverPattenTests;
			sourceTree = "<group>";
		};
		ECDDF7E91FEA689C003A9B18 /* ObserverPattenUITests */ = {
			isa = PBXGroup;
			children = (
				ECDDF7EA1FEA689C003A9B18 /* ObserverPattenUITests.swift */,
				ECDDF7EC1FEA689C003A9B18 /* Info.plist */,
			);
			path = ObserverPattenUITests;
			sourceTree = "<group>";
		};
		ECDDF7FC1FEB758C003A9B18 /* 书刊订阅 */ = {
			isa = PBXGroup;
			children = (
				ECDDF7FA1FEB59C3003A9B18 /* SubscriptionServiceCenterProtocol.swift */,
				ECDDF7F81FEB515C003A9B18 /* SubscriptionServiceCenter.swift */,
			);
			path = "书刊订阅";
			sourceTree = "<group>";
		};
		ECDDF7FD1FEB75B1003A9B18 /* 简易切换皮肤 */ = {
			isa = PBXGroup;
			children = (
			);
			path = "简易切换皮肤";
			sourceTree = "<group>";
		};
/* End PBXGroup section */

/* Begin PBXNativeTarget section */
		ECDDF7C61FEA689C003A9B18 /* ObserverPatten */ = {
			isa = PBXNativeTarget;
			buildConfigurationList = ECDDF7EF1FEA689C003A9B18 /* Build configuration list for PBXNativeTarget "ObserverPatten" */;
			buildPhases = (
				ECDDF7C31FEA689C003A9B18 /* Sources */,
				ECDDF7C41FEA689C003A9B18 /* Frameworks */,
				ECDDF7C51FEA689C003A9B18 /* Resources */,
			);
			buildRules = (
			);
			dependencies = (
			);
			name = ObserverPatten;
			productName = ObserverPatten;
			productReference = ECDDF7C71FEA689C003A9B18 /* ObserverPatten.app */;
			productType = "com.apple.product-type.application";
		};
		ECDDF7DA1FEA689C003A9B18 /* ObserverPattenTests */ = {
			isa = PBXNativeTarget;
			buildConfigurationList = ECDDF7F21FEA689C003A9B18 /* Build configuration list for PBXNativeTarget "ObserverPattenTests" */;
			buildPhases = (
				ECDDF7D71FEA689C003A9B18 /* Sources */,
				ECDDF7D81FEA689C003A9B18 /* Frameworks */,
				ECDDF7D91FEA689C003A9B18 /* Resources */,
			);
			buildRules = (
			);
			dependencies = (
				ECDDF7DD1FEA689C003A9B18 /* PBXTargetDependency */,
			);
			name = ObserverPattenTests;
			productName = ObserverPattenTests;
			productReference = ECDDF7DB1FEA689C003A9B18 /* ObserverPattenTests.xctest */;
			productType = "com.apple.product-type.bundle.unit-test";
		};
		ECDDF7E51FEA689C003A9B18 /* ObserverPattenUITests */ = {
			isa = PBXNativeTarget;
			buildConfigurationList = ECDDF7F51FEA689C003A9B18 /* Build configuration list for PBXNativeTarget "ObserverPattenUITests" */;
			buildPhases = (
				ECDDF7E21FEA689C003A9B18 /* Sources */,
				ECDDF7E31FEA689C003A9B18 /* Frameworks */,
				ECDDF7E41FEA689C003A9B18 /* Resources */,
			);
			buildRules = (
			);
			dependencies = (
				ECDDF7E81FEA689C003A9B18 /* PBXTargetDependency */,
			);
			name = ObserverPattenUITests;
			productName = ObserverPattenUITests;
			productReference = ECDDF7E61FEA689C003A9B18 /* ObserverPattenUITests.xctest */;
			productType = "com.apple.product-type.bundle.ui-testing";
		};
/* End PBXNativeTarget section */

/* Begin PBXProject section */
		ECDDF7BF1FEA689C003A9B18 /* Project object */ = {
			isa = PBXProject;
			attributes = {
				LastSwiftUpdateCheck = 0920;
				LastUpgradeCheck = 0920;
				ORGANIZATIONNAME = GujyHy;
				TargetAttributes = {
					ECDDF7C61FEA689C003A9B18 = {
						CreatedOnToolsVersion = 9.2;
						ProvisioningStyle = Automatic;
					};
					ECDDF7DA1FEA689C003A9B18 = {
						CreatedOnToolsVersion = 9.2;
						ProvisioningStyle = Automatic;
						TestTargetID = ECDDF7C61FEA689C003A9B18;
					};
					ECDDF7E51FEA689C003A9B18 = {
						CreatedOnToolsVersion = 9.2;
						ProvisioningStyle = Automatic;
						TestTargetID = ECDDF7C61FEA689C003A9B18;
					};
				};
			};
			buildConfigurationList = ECDDF7C21FEA689C003A9B18 /* Build configuration list for PBXProject "ObserverPatten" */;
			compatibilityVersion = "Xcode 8.0";
			developmentRegion = en;
			hasScannedForEncodings = 0;
			knownRegions = (
				en,
				Base,
			);
			mainGroup = ECDDF7BE1FEA689C003A9B18;
			productRefGroup = ECDDF7C81FEA689C003A9B18 /* Products */;
			projectDirPath = "";
			projectRoot = "";
			targets = (
				ECDDF7C61FEA689C003A9B18 /* ObserverPatten */,
				ECDDF7DA1FEA689C003A9B18 /* ObserverPattenTests */,
				ECDDF7E51FEA689C003A9B18 /* ObserverPattenUITests */,
			);
		};
/* End PBXProject section */

/* Begin PBXResourcesBuildPhase section */
		ECDDF7C51FEA689C003A9B18 /* Resources */ = {
			isa = PBXResourcesBuildPhase;
			buildActionMask = 2147483647;
			files = (
				ECDDF7D51FEA689C003A9B18 /* LaunchScreen.storyboard in Resources */,
				ECDDF7D21FEA689C003A9B18 /* Assets.xcassets in Resources */,
				ECDDF7D01FEA689C003A9B18 /* Main.storyboard in Resources */,
			);
			runOnlyForDeploymentPostprocessing = 0;
		};
		ECDDF7D91FEA689C003A9B18 /* Resources */ = {
			isa = PBXResourcesBuildPhase;
			buildActionMask = 2147483647;
			files = (
			);
			runOnlyForDeploymentPostprocessing = 0;
		};
		ECDDF7E41FEA689C003A9B18 /* Resources */ = {
			isa = PBXResourcesBuildPhase;
			buildActionMask = 2147483647;
			files = (
			);
			runOnlyForDeploymentPostprocessing = 0;
		};
/* End PBXResourcesBuildPhase section */

/* Begin PBXSourcesBuildPhase section */
		ECDDF7C31FEA689C003A9B18 /* Sources */ = {
			isa = PBXSourcesBuildPhase;
			buildActionMask = 2147483647;
			files = (
				ECDDF7F91FEB515C003A9B18 /* SubscriptionServiceCenter.swift in Sources */,
				ECDDF7CD1FEA689C003A9B18 /* ViewController.swift in Sources */,
				ECDDF7CB1FEA689C003A9B18 /* AppDelegate.swift in Sources */,
				ECDDF7FB1FEB59C3003A9B18 /* SubscriptionServiceCenterProtocol.swift in Sources */,
			);
			runOnlyForDeploymentPostprocessing = 0;
		};
		ECDDF7D71FEA689C003A9B18 /* Sources */ = {
			isa = PBXSourcesBuildPhase;
			buildActionMask = 2147483647;
			files = (
				ECDDF7E01FEA689C003A9B18 /* ObserverPattenTests.swift in Sources */,
			);
			runOnlyForDeploymentPostprocessing = 0;
		};
		ECDDF7E21FEA689C003A9B18 /* Sources */ = {
			isa = PBXSourcesBuildPhase;
			buildActionMask = 2147483647;
			files = (
				ECDDF7EB1FEA689C003A9B18 /* ObserverPattenUITests.swift in Sources */,
			);
			runOnlyForDeploymentPostprocessing = 0;
		};
/* End PBXSourcesBuildPhase section */

/* Begin PBXTargetDependency section */
		ECDDF7DD1FEA689C003A9B18 /* PBXTargetDependency */ = {
			isa = PBXTargetDependency;
			target = ECDDF7C61FEA689C003A9B18 /* ObserverPatten */;
			targetProxy = ECDDF7DC1FEA689C003A9B18 /* PBXContainerItemProxy */;
		};
		ECDDF7E81FEA689C003A9B18 /* PBXTargetDependency */ = {
			isa = PBXTargetDependency;
			target = ECDDF7C61FEA689C003A9B18 /* ObserverPatten */;
			targetProxy = ECDDF7E71FEA689C003A9B18 /* PBXContainerItemProxy */;
		};
/* End PBXTargetDependency section */

/* Begin PBXVariantGroup section */
		ECDDF7CE1FEA689C003A9B18 /* Main.storyboard */ = {
			isa = PBXVariantGroup;
			children = (
				ECDDF7CF1FEA689C003A9B18 /* Base */,
			);
			name = Main.storyboard;
			sourceTree = "<group>";
		};
		ECDDF7D31FEA689C003A9B18 /* LaunchScreen.storyboard */ = {
			isa = PBXVariantGroup;
			children = (
				ECDDF7D41FEA689C003A9B18 /* Base */,
			);
			name = LaunchScreen.storyboard;
			sourceTree = "<group>";
		};
/* End PBXVariantGroup section */

/* Begin XCBuildConfiguration section */
		ECDDF7ED1FEA689C003A9B18 /* Debug */ = {
			isa = XCBuildConfiguration;
			buildSettings = {
				ALWAYS_SEARCH_USER_PATHS = NO;
				CLANG_ANALYZER_NONNULL = YES;
				CLANG_ANALYZER_NUMBER_OBJECT_CONVERSION = YES_AGGRESSIVE;
				CLANG_CXX_LANGUAGE_STANDARD = "gnu++14";
				CLANG_CXX_LIBRARY = "libc++";
				CLANG_ENABLE_MODULES = YES;
				CLANG_ENABLE_OBJC_ARC = YES;
				CLANG_WARN_BLOCK_CAPTURE_AUTORELEASING = YES;
				CLANG_WARN_BOOL_CONVERSION = YES;
				CLANG_WARN_COMMA = YES;
				CLANG_WARN_CONSTANT_CONVERSION = YES;
				CLANG_WARN_DIRECT_OBJC_ISA_USAGE = YES_ERROR;
				CLANG_WARN_DOCUMENTATION_COMMENTS = YES;
				CLANG_WARN_EMPTY_BODY = YES;
				CLANG_WARN_ENUM_CONVERSION = YES;
				CLANG_WARN_INFINITE_RECURSION = YES;
				CLANG_WARN_INT_CONVERSION = YES;
				CLANG_WARN_NON_LITERAL_NULL_CONVERSION = YES;
				CLANG_WARN_OBJC_LITERAL_CONVERSION = YES;
				CLANG_WARN_OBJC_ROOT_CLASS = YES_ERROR;
				CLANG_WARN_RANGE_LOOP_ANALYSIS = YES;
				CLANG_WARN_STRICT_PROTOTYPES = YES;
				CLANG_WARN_SUSPICIOUS_MOVE = YES;
				CLANG_WARN_UNGUARDED_AVAILABILITY = YES_AGGRESSIVE;
				CLANG_WARN_UNREACHABLE_CODE = YES;
				CLANG_WARN__DUPLICATE_METHOD_MATCH = YES;
				CODE_SIGN_IDENTITY = "iPhone Developer";
				COPY_PHASE_STRIP = NO;
				DEBUG_INFORMATION_FORMAT = dwarf;
				ENABLE_STRICT_OBJC_MSGSEND = YES;
				ENABLE_TESTABILITY = YES;
				GCC_C_LANGUAGE_STANDARD = gnu11;
				GCC_DYNAMIC_NO_PIC = NO;
				GCC_NO_COMMON_BLOCKS = YES;
				GCC_OPTIMIZATION_LEVEL = 0;
				GCC_PREPROCESSOR_DEFINITIONS = (
					"DEBUG=1",
					"$(inherited)",
				);
				GCC_WARN_64_TO_32_BIT_CONVERSION = YES;
				GCC_WARN_ABOUT_RETURN_TYPE = YES_ERROR;
				GCC_WARN_UNDECLARED_SELECTOR = YES;
				GCC_WARN_UNINITIALIZED_AUTOS = YES_AGGRESSIVE;
				GCC_WARN_UNUSED_FUNCTION = YES;
				GCC_WARN_UNUSED_VARIABLE = YES;
				IPHONEOS_DEPLOYMENT_TARGET = 11.2;
				MTL_ENABLE_DEBUG_INFO = YES;
				ONLY_ACTIVE_ARCH = YES;
				SDKROOT = iphoneos;
				SWIFT_ACTIVE_COMPILATION_CONDITIONS = DEBUG;
				SWIFT_OPTIMIZATION_LEVEL = "-Onone";
			};
			name = Debug;
		};
		ECDDF7EE1FEA689C003A9B18 /* Release */ = {
			isa = XCBuildConfiguration;
			buildSettings = {
				ALWAYS_SEARCH_USER_PATHS = NO;
				CLANG_ANALYZER_NONNULL = YES;
				CLANG_ANALYZER_NUMBER_OBJECT_CONVERSION = YES_AGGRESSIVE;
				CLANG_CXX_LANGUAGE_STANDARD = "gnu++14";
				CLANG_CXX_LIBRARY = "libc++";
				CLANG_ENABLE_MODULES = YES;
				CLANG_ENABLE_OBJC_ARC = YES;
				CLANG_WARN_BLOCK_CAPTURE_AUTORELEASING = YES;
				CLANG_WARN_BOOL_CONVERSION = YES;
				CLANG_WARN_COMMA = YES;
				CLANG_WARN_CONSTANT_CONVERSION = YES;
				CLANG_WARN_DIRECT_OBJC_ISA_USAGE = YES_ERROR;
				CLANG_WARN_DOCUMENTATION_COMMENTS = YES;
				CLANG_WARN_EMPTY_BODY = YES;
				CLANG_WARN_ENUM_CONVERSION = YES;
				CLANG_WARN_INFINITE_RECURSION = YES;
				CLANG_WARN_INT_CONVERSION = YES;
				CLANG_WARN_NON_LITERAL_NULL_CONVERSION = YES;
				CLANG_WARN_OBJC_LITERAL_CONVERSION = YES;
				CLANG_WARN_OBJC_ROOT_CLASS = YES_ERROR;
				CLANG_WARN_RANGE_LOOP_ANALYSIS = YES;
				CLANG_WARN_STRICT_PROTOTYPES = YES;
				CLANG_WARN_SUSPICIOUS_MOVE = YES;
				CLANG_WARN_UNGUARDED_AVAILABILITY = YES_AGGRESSIVE;
				CLANG_WARN_UNREACHABLE_CODE = YES;
				CLANG_WARN__DUPLICATE_METHOD_MATCH = YES;
				CODE_SIGN_IDENTITY = "iPhone Developer";
				COPY_PHASE_STRIP = NO;
				DEBUG_INFORMATION_FORMAT = "dwarf-with-dsym";
				ENABLE_NS_ASSERTIONS = NO;
				ENABLE_STRICT_OBJC_MSGSEND = YES;
				GCC_C_LANGUAGE_STANDARD = gnu11;
				GCC_NO_COMMON_BLOCKS = YES;
				GCC_WARN_64_TO_32_BIT_CONVERSION = YES;
				GCC_WARN_ABOUT_RETURN_TYPE = YES_ERROR;
				GCC_WARN_UNDECLARED_SELECTOR = YES;
				GCC_WARN_UNINITIALIZED_AUTOS = YES_AGGRESSIVE;
				GCC_WARN_UNUSED_FUNCTION = YES;
				GCC_WARN_UNUSED_VARIABLE = YES;
				IPHONEOS_DEPLOYMENT_TARGET = 11.2;
				MTL_ENABLE_DEBUG_INFO = NO;
				SDKROOT = iphoneos;
				SWIFT_OPTIMIZATION_LEVEL = "-Owholemodule";
				VALIDATE_PRODUCT = YES;
			};
			name = Release;
		};
		ECDDF7F01FEA689C003A9B18 /* Debug */ = {
			isa = XCBuildConfiguration;
			buildSettings = {
				ASSETCATALOG_COMPILER_APPICON_NAME = AppIcon;
				CODE_SIGN_STYLE = Automatic;
				DEVELOPMENT_TEAM = H456XD94D4;
				INFOPLIST_FILE = ObserverPatten/Info.plist;
				LD_RUNPATH_SEARCH_PATHS = "$(inherited) @executable_path/Frameworks";
				PRODUCT_BUNDLE_IDENTIFIER = com.hebei.Pattens.ObserverPatten;
				PRODUCT_NAME = "$(TARGET_NAME)";
				SWIFT_VERSION = 4.0;
				TARGETED_DEVICE_FAMILY = "1,2";
			};
			name = Debug;
		};
		ECDDF7F11FEA689C003A9B18 /* Release */ = {
			isa = XCBuildConfiguration;
			buildSettings = {
				ASSETCATALOG_COMPILER_APPICON_NAME = AppIcon;
				CODE_SIGN_STYLE = Automatic;
				DEVELOPMENT_TEAM = H456XD94D4;
				INFOPLIST_FILE = ObserverPatten/Info.plist;
				LD_RUNPATH_SEARCH_PATHS = "$(inherited) @executable_path/Frameworks";
				PRODUCT_BUNDLE_IDENTIFIER = com.hebei.Pattens.ObserverPatten;
				PRODUCT_NAME = "$(TARGET_NAME)";
				SWIFT_VERSION = 4.0;
				TARGETED_DEVICE_FAMILY = "1,2";
			};
			name = Release;
		};
		ECDDF7F31FEA689C003A9B18 /* Debug */ = {
			isa = XCBuildConfiguration;
			buildSettings = {
				ALWAYS_EMBED_SWIFT_STANDARD_LIBRARIES = YES;
				BUNDLE_LOADER = "$(TEST_HOST)";
				CODE_SIGN_STYLE = Automatic;
				DEVELOPMENT_TEAM = H456XD94D4;
				INFOPLIST_FILE = ObserverPattenTests/Info.plist;
				LD_RUNPATH_SEARCH_PATHS = "$(inherited) @executable_path/Frameworks @loader_path/Frameworks";
				PRODUCT_BUNDLE_IDENTIFIER = com.hebei.Pattens.ObserverPattenTests;
				PRODUCT_NAME = "$(TARGET_NAME)";
				SWIFT_VERSION = 4.0;
				TARGETED_DEVICE_FAMILY = "1,2";
				TEST_HOST = "$(BUILT_PRODUCTS_DIR)/ObserverPatten.app/ObserverPatten";
			};
			name = Debug;
		};
		ECDDF7F41FEA689C003A9B18 /* Release */ = {
			isa = XCBuildConfiguration;
			buildSettings = {
				ALWAYS_EMBED_SWIFT_STANDARD_LIBRARIES = YES;
				BUNDLE_LOADER = "$(TEST_HOST)";
				CODE_SIGN_STYLE = Automatic;
				DEVELOPMENT_TEAM = H456XD94D4;
				INFOPLIST_FILE = ObserverPattenTests/Info.plist;
				LD_RUNPATH_SEARCH_PATHS = "$(inherited) @executable_path/Frameworks @loader_path/Frameworks";
				PRODUCT_BUNDLE_IDENTIFIER = com.hebei.Pattens.ObserverPattenTests;
				PRODUCT_NAME = "$(TARGET_NAME)";
				SWIFT_VERSION = 4.0;
				TARGETED_DEVICE_FAMILY = "1,2";
				TEST_HOST = "$(BUILT_PRODUCTS_DIR)/ObserverPatten.app/ObserverPatten";
			};
			name = Release;
		};
		ECDDF7F61FEA689C003A9B18 /* Debug */ = {
			isa = XCBuildConfiguration;
			buildSettings = {
				ALWAYS_EMBED_SWIFT_STANDARD_LIBRARIES = YES;
				CODE_SIGN_STYLE = Automatic;
				DEVELOPMENT_TEAM = H456XD94D4;
				INFOPLIST_FILE = ObserverPattenUITests/Info.plist;
				LD_RUNPATH_SEARCH_PATHS = "$(inherited) @executable_path/Frameworks @loader_path/Frameworks";
				PRODUCT_BUNDLE_IDENTIFIER = com.hebei.Pattens.ObserverPattenUITests;
				PRODUCT_NAME = "$(TARGET_NAME)";
				SWIFT_VERSION = 4.0;
				TARGETED_DEVICE_FAMILY = "1,2";
				TEST_TARGET_NAME = ObserverPatten;
			};
			name = Debug;
		};
		ECDDF7F71FEA689C003A9B18 /* Release */ = {
			isa = XCBuildConfiguration;
			buildSettings = {
				ALWAYS_EMBED_SWIFT_STANDARD_LIBRARIES = YES;
				CODE_SIGN_STYLE = Automatic;
				DEVELOPMENT_TEAM = H456XD94D4;
				INFOPLIST_FILE = ObserverPattenUITests/Info.plist;
				LD_RUNPATH_SEARCH_PATHS = "$(inherited) @executable_path/Frameworks @loader_path/Frameworks";
				PRODUCT_BUNDLE_IDENTIFIER = com.hebei.Pattens.ObserverPattenUITests;
				PRODUCT_NAME = "$(TARGET_NAME)";
				SWIFT_VERSION = 4.0;
				TARGETED_DEVICE_FAMILY = "1,2";
				TEST_TARGET_NAME = ObserverPatten;
			};
			name = Release;
		};
/* End XCBuildConfiguration section */

/* Begin XCConfigurationList section */
		ECDDF7C21FEA689C003A9B18 /* Build configuration list for PBXProject "ObserverPatten" */ = {
			isa = XCConfigurationList;
			buildConfigurations = (
				ECDDF7ED1FEA689C003A9B18 /* Debug */,
				ECDDF7EE1FEA689C003A9B18 /* Release */,
			);
			defaultConfigurationIsVisible = 0;
			defaultConfigurationName = Release;
		};
		ECDDF7EF1FEA689C003A9B18 /* Build configuration list for PBXNativeTarget "ObserverPatten" */ = {
			isa = XCConfigurationList;
			buildConfigurations = (
				ECDDF7F01FEA689C003A9B18 /* Debug */,
				ECDDF7F11FEA689C003A9B18 /* Release */,
			);
			defaultConfigurationIsVisible = 0;
			defaultConfigurationName = Release;
		};
		ECDDF7F21FEA689C003A9B18 /* Build configuration list for PBXNativeTarget "ObserverPattenTests" */ = {
			isa = XCConfigurationList;
			buildConfigurations = (
				ECDDF7F31FEA689C003A9B18 /* Debug */,
				ECDDF7F41FEA689C003A9B18 /* Release */,
			);
			defaultConfigurationIsVisible = 0;
			defaultConfigurationName = Release;
		};
		ECDDF7F51FEA689C003A9B18 /* Build configuration list for PBXNativeTarget "ObserverPattenUITests" */ = {
			isa = XCConfigurationList;
			buildConfigurations = (
				ECDDF7F61FEA689C003A9B18 /* Debug */,
				ECDDF7F71FEA689C003A9B18 /* Release */,
			);
			defaultConfigurationIsVisible = 0;
			defaultConfigurationName = Release;
		};
/* End XCConfigurationList section */
	};
	rootObject = ECDDF7BF1FEA689C003A9B18 /* Project object */;
}
